Microsoft Visual Studio Solution File, Format Version 12.00
# Visual Studio Version 17
VisualStudioVersion = 17.10.35004.147
MinimumVisualStudioVersion = 10.0.40219.1
Project("{9A19103F-16F7-4668-BE54-9A1E7A4F7556}") = "EFCore.BulkExtensions", "EFCore.BulkExtensions\EFCore.BulkExtensions.csproj", "{355C7B3A-4CA1-F0EF-816E-C8744D1ADC72}"
EndProject
Project("{9A19103F-16F7-4668-BE54-9A1E7A4F7556}") = "MediaMasterTests", "MediaMasterTests\MediaMasterTests.csproj", "{BDC5F444-3D52-9D10-CD2D-85D4460F5C33}"
EndProject
Project("{9A19103F-16F7-4668-BE54-9A1E7A4F7556}") = "MediaMaster", "MediaMaster\MediaMaster.csproj", "{4B96068B-E69B-3488-0E46-D01B0AC4185F}"
EndProject
Global
	GlobalSection(ExtensibilityGlobals) = postSolution
		RESX_CodeReferences = {"Items":[{"Expression":"\\W($File.$Key)\\W","Extensions":".cs,.xaml,.cshtml","IsCaseSensitive":true,"SingleLineComment":"\/\/"},{"Expression":"\\W($File.$Key)\\W","Extensions":".vbhtml","IsCaseSensitive":false,"SingleLineComment":null},{"Expression":"ResourceManager.GetString\\(\"($Key)\"\\)","Extensions":".cs","IsCaseSensitive":true,"SingleLineComment":"\/\/"},{"Expression":"typeof\\((\\w+\\.)*($File)\\).+\"($Key)\"|\"($Key)\".+typeof\\((\\w+\\.)*($File)\\)","Extensions":".cs","IsCaseSensitive":true,"SingleLineComment":"\/\/"},{"Expression":"\\W($Key)\\W","Extensions":".vb","IsCaseSensitive":false,"SingleLineComment":"'"},{"Expression":"\\W($File::$Key)\\W","Extensions":".cpp,.c,.hxx,.h","IsCaseSensitive":true,"SingleLineComment":"\/\/"},{"Expression":"&lt;%\\$\\s+Resources:\\s*($File)\\s*,\\s*($Key)\\s*%&gt;","Extensions":".aspx,.ascx,.master","IsCaseSensitive":true,"SingleLineComment":null},{"Expression":"StringResourceKey\\.($Key)","Extensions":".cs","IsCaseSensitive":true,"SingleLineComment":"\/\/"},{"Expression":"\\.($Key)","Extensions":".ts,.html","IsCaseSensitive":true,"SingleLineComment":"\/\/"},{"Expression":"","Extensions":".xaml","IsCaseSensitive":false,"SingleLineComment":null}]}
		SolutionGuid = {83E8A14B-29A7-4F4B-BCDA-03E939448CB8}
	EndGlobalSection
	GlobalSection(SolutionConfigurationPlatforms) = preSolution
		Debug|Any CPU = Debug|Any CPU
		Debug|ARM = Debug|ARM
		Debug|ARM64 = Debug|ARM64
		Debug|x64 = Debug|x64
		Debug|x86 = Debug|x86
		Release|Any CPU = Release|Any CPU
		Release|ARM = Release|ARM
		Release|ARM64 = Release|ARM64
		Release|x64 = Release|x64
		Release|x86 = Release|x86
	EndGlobalSection
	GlobalSection(ProjectConfigurationPlatforms) = postSolution
		{355C7B3A-4CA1-F0EF-816E-C8744D1ADC72}.Debug|Any CPU.ActiveCfg = Debug|Any CPU
		{355C7B3A-4CA1-F0EF-816E-C8744D1ADC72}.Debug|Any CPU.Build.0 = Debug|Any CPU
		{355C7B3A-4CA1-F0EF-816E-C8744D1ADC72}.Debug|ARM.ActiveCfg = Debug|Any CPU
		{355C7B3A-4CA1-F0EF-816E-C8744D1ADC72}.Debug|ARM.Build.0 = Debug|Any CPU
		{355C7B3A-4CA1-F0EF-816E-C8744D1ADC72}.Debug|ARM64.ActiveCfg = Debug|Any CPU
		{355C7B3A-4CA1-F0EF-816E-C8744D1ADC72}.Debug|ARM64.Build.0 = Debug|Any CPU
		{355C7B3A-4CA1-F0EF-816E-C8744D1ADC72}.Debug|x64.ActiveCfg = Debug|Any CPU
		{355C7B3A-4CA1-F0EF-816E-C8744D1ADC72}.Debug|x64.Build.0 = Debug|Any CPU
		{355C7B3A-4CA1-F0EF-816E-C8744D1ADC72}.Debug|x86.ActiveCfg = Debug|Any CPU
		{355C7B3A-4CA1-F0EF-816E-C8744D1ADC72}.Debug|x86.Build.0 = Debug|Any CPU
		{355C7B3A-4CA1-F0EF-816E-C8744D1ADC72}.Release|Any CPU.ActiveCfg = Release|Any CPU
		{355C7B3A-4CA1-F0EF-816E-C8744D1ADC72}.Release|Any CPU.Build.0 = Release|Any CPU
		{355C7B3A-4CA1-F0EF-816E-C8744D1ADC72}.Release|ARM.ActiveCfg = Release|Any CPU
		{355C7B3A-4CA1-F0EF-816E-C8744D1ADC72}.Release|ARM.Build.0 = Release|Any CPU
		{355C7B3A-4CA1-F0EF-816E-C8744D1ADC72}.Release|ARM64.ActiveCfg = Release|Any CPU
		{355C7B3A-4CA1-F0EF-816E-C8744D1ADC72}.Release|ARM64.Build.0 = Release|Any CPU
		{355C7B3A-4CA1-F0EF-816E-C8744D1ADC72}.Release|x64.ActiveCfg = Release|Any CPU
		{355C7B3A-4CA1-F0EF-816E-C8744D1ADC72}.Release|x64.Build.0 = Release|Any CPU
		{355C7B3A-4CA1-F0EF-816E-C8744D1ADC72}.Release|x86.ActiveCfg = Release|Any CPU
		{355C7B3A-4CA1-F0EF-816E-C8744D1ADC72}.Release|x86.Build.0 = Release|Any CPU
		{BDC5F444-3D52-9D10-CD2D-85D4460F5C33}.Debug|Any CPU.ActiveCfg = Debug|Any CPU
		{BDC5F444-3D52-9D10-CD2D-85D4460F5C33}.Debug|Any CPU.Build.0 = Debug|Any CPU
		{BDC5F444-3D52-9D10-CD2D-85D4460F5C33}.Debug|ARM.ActiveCfg = Debug|Any CPU
		{BDC5F444-3D52-9D10-CD2D-85D4460F5C33}.Debug|ARM.Build.0 = Debug|Any CPU
		{BDC5F444-3D52-9D10-CD2D-85D4460F5C33}.Debug|ARM64.ActiveCfg = Debug|Any CPU
		{BDC5F444-3D52-9D10-CD2D-85D4460F5C33}.Debug|ARM64.Build.0 = Debug|Any CPU
		{BDC5F444-3D52-9D10-CD2D-85D4460F5C33}.Debug|x64.ActiveCfg = Debug|Any CPU
		{BDC5F444-3D52-9D10-CD2D-85D4460F5C33}.Debug|x64.Build.0 = Debug|Any CPU
		{BDC5F444-3D52-9D10-CD2D-85D4460F5C33}.Debug|x86.ActiveCfg = Debug|Any CPU
		{BDC5F444-3D52-9D10-CD2D-85D4460F5C33}.Debug|x86.Build.0 = Debug|Any CPU
		{BDC5F444-3D52-9D10-CD2D-85D4460F5C33}.Release|Any CPU.ActiveCfg = Release|Any CPU
		{BDC5F444-3D52-9D10-CD2D-85D4460F5C33}.Release|Any CPU.Build.0 = Release|Any CPU
		{BDC5F444-3D52-9D10-CD2D-85D4460F5C33}.Release|ARM.ActiveCfg = Release|Any CPU
		{BDC5F444-3D52-9D10-CD2D-85D4460F5C33}.Release|ARM.Build.0 = Release|Any CPU
		{BDC5F444-3D52-9D10-CD2D-85D4460F5C33}.Release|ARM64.ActiveCfg = Release|Any CPU
		{BDC5F444-3D52-9D10-CD2D-85D4460F5C33}.Release|ARM64.Build.0 = Release|Any CPU
		{BDC5F444-3D52-9D10-CD2D-85D4460F5C33}.Release|x64.ActiveCfg = Release|Any CPU
		{BDC5F444-3D52-9D10-CD2D-85D4460F5C33}.Release|x64.Build.0 = Release|Any CPU
		{BDC5F444-3D52-9D10-CD2D-85D4460F5C33}.Release|x86.ActiveCfg = Release|Any CPU
		{BDC5F444-3D52-9D10-CD2D-85D4460F5C33}.Release|x86.Build.0 = Release|Any CPU
		{4B96068B-E69B-3488-0E46-D01B0AC4185F}.Debug|Any CPU.ActiveCfg = Debug|x64
		{4B96068B-E69B-3488-0E46-D01B0AC4185F}.Debug|Any CPU.Build.0 = Debug|x64
		{4B96068B-E69B-3488-0E46-D01B0AC4185F}.Debug|Any CPU.Deploy.0 = Debug|x64
		{4B96068B-E69B-3488-0E46-D01B0AC4185F}.Debug|ARM.ActiveCfg = Debug|x64
		{4B96068B-E69B-3488-0E46-D01B0AC4185F}.Debug|ARM.Build.0 = Debug|x64
		{4B96068B-E69B-3488-0E46-D01B0AC4185F}.Debug|ARM.Deploy.0 = Debug|x64
		{4B96068B-E69B-3488-0E46-D01B0AC4185F}.Debug|ARM64.ActiveCfg = Debug|ARM64
		{4B96068B-E69B-3488-0E46-D01B0AC4185F}.Debug|ARM64.Build.0 = Debug|ARM64
		{4B96068B-E69B-3488-0E46-D01B0AC4185F}.Debug|ARM64.Deploy.0 = Debug|ARM64
		{4B96068B-E69B-3488-0E46-D01B0AC4185F}.Debug|x64.ActiveCfg = Debug|x64
		{4B96068B-E69B-3488-0E46-D01B0AC4185F}.Debug|x64.Build.0 = Debug|x64
		{4B96068B-E69B-3488-0E46-D01B0AC4185F}.Debug|x64.Deploy.0 = Debug|x64
		{4B96068B-E69B-3488-0E46-D01B0AC4185F}.Debug|x86.ActiveCfg = Debug|x86
		{4B96068B-E69B-3488-0E46-D01B0AC4185F}.Debug|x86.Build.0 = Debug|x86
		{4B96068B-E69B-3488-0E46-D01B0AC4185F}.Debug|x86.Deploy.0 = Debug|x86
		{4B96068B-E69B-3488-0E46-D01B0AC4185F}.Release|Any CPU.ActiveCfg = Release|x64
		{4B96068B-E69B-3488-0E46-D01B0AC4185F}.Release|Any CPU.Build.0 = Release|x64
		{4B96068B-E69B-3488-0E46-D01B0AC4185F}.Release|Any CPU.Deploy.0 = Release|x64
		{4B96068B-E69B-3488-0E46-D01B0AC4185F}.Release|ARM.ActiveCfg = Release|x64
		{4B96068B-E69B-3488-0E46-D01B0AC4185F}.Release|ARM.Build.0 = Release|x64
		{4B96068B-E69B-3488-0E46-D01B0AC4185F}.Release|ARM.Deploy.0 = Release|x64
		{4B96068B-E69B-3488-0E46-D01B0AC4185F}.Release|ARM64.ActiveCfg = Release|ARM64
		{4B96068B-E69B-3488-0E46-D01B0AC4185F}.Release|ARM64.Build.0 = Release|ARM64
		{4B96068B-E69B-3488-0E46-D01B0AC4185F}.Release|ARM64.Deploy.0 = Release|ARM64
		{4B96068B-E69B-3488-0E46-D01B0AC4185F}.Release|x64.ActiveCfg = Release|x64
		{4B96068B-E69B-3488-0E46-D01B0AC4185F}.Release|x64.Build.0 = Release|x64
		{4B96068B-E69B-3488-0E46-D01B0AC4185F}.Release|x64.Deploy.0 = Release|x64
		{4B96068B-E69B-3488-0E46-D01B0AC4185F}.Release|x86.ActiveCfg = Release|x86
		{4B96068B-E69B-3488-0E46-D01B0AC4185F}.Release|x86.Build.0 = Release|x86
		{4B96068B-E69B-3488-0E46-D01B0AC4185F}.Release|x86.Deploy.0 = Release|x86
	EndGlobalSection
	GlobalSection(SolutionProperties) = preSolution
		HideSolutionNode = FALSE
	EndGlobalSection
EndGlobal
al

