Microsoft Visual Studio Solution File, Format Version 12.00
# 17
VisualStudioVersion = 17.11.35219.272
MinimumVisualStudioVersion = 10.0.40219.1
Project("{9A19103F-16F7-4668-BE54-9A1E7A4F7556}") = "MediaMaster", "MediaMaster\MediaMaster.csproj", "{4B96068B-E69B-3488-0E46-D01B0AC4185F}"
EndProject
Global
	GlobalSection(SolutionConfigurationPlatforms) = preSolution
		Debug|ARM = Debug|ARM
		Debug|ARM64 = Debug|ARM64
		Debug|x64 = Debug|x64
		Debug|x86 = Debug|x86
		Release|ARM = Release|ARM
		Release|ARM64 = Release|ARM64
		Release|x64 = Release|x64
		Release|x86 = Release|x86
	EndGlobalSection
	GlobalSection(ProjectConfigurationPlatforms) = postSolution
		{4B96068B-E69B-3488-0E46-D01B0AC4185F}.Debug|ARM.ActiveCfg = Debug|Any CPU
		{4B96068B-E69B-3488-0E46-D01B0AC4185F}.Debug|ARM.Build.0 = Debug|Any CPU
		{4B96068B-E69B-3488-0E46-D01B0AC4185F}.Debug|ARM64.ActiveCfg = Debug|Any CPU
		{4B96068B-E69B-3488-0E46-D01B0AC4185F}.Debug|ARM64.Build.0 = Debug|Any CPU
		{4B96068B-E69B-3488-0E46-D01B0AC4185F}.Debug|x64.ActiveCfg = Debug|x64
		{4B96068B-E69B-3488-0E46-D01B0AC4185F}.Debug|x64.Build.0 = Debug|x64
		{4B96068B-E69B-3488-0E46-D01B0AC4185F}.Debug|x64.Deploy.0 = Debug|x64
		{4B96068B-E69B-3488-0E46-D01B0AC4185F}.Debug|x86.ActiveCfg = Debug|Any CPU
		{4B96068B-E69B-3488-0E46-D01B0AC4185F}.Debug|x86.Build.0 = Debug|Any CPU
		{4B96068B-E69B-3488-0E46-D01B0AC4185F}.Release|ARM.ActiveCfg = Release|Any CPU
		{4B96068B-E69B-3488-0E46-D01B0AC4185F}.Release|ARM.Build.0 = Release|Any CPU
		{4B96068B-E69B-3488-0E46-D01B0AC4185F}.Release|ARM64.ActiveCfg = Release|Any CPU
		{4B96068B-E69B-3488-0E46-D01B0AC4185F}.Release|ARM64.Build.0 = Release|Any CPU
		{4B96068B-E69B-3488-0E46-D01B0AC4185F}.Release|x64.ActiveCfg = Debug|x64
		{4B96068B-E69B-3488-0E46-D01B0AC4185F}.Release|x64.Build.0 = Debug|x64
		{4B96068B-E69B-3488-0E46-D01B0AC4185F}.Release|x64.Deploy.0 = Debug|x64
		{4B96068B-E69B-3488-0E46-D01B0AC4185F}.Release|x86.ActiveCfg = Release|Any CPU
		{4B96068B-E69B-3488-0E46-D01B0AC4185F}.Release|x86.Build.0 = Release|Any CPU
	EndGlobalSection
	GlobalSection(SolutionProperties) = preSolution
		HideSolutionNode = FALSE
	EndGlobalSection
EndGlobal
